
Microsoft Visual Studio Solution File, Format Version 11.00
# Visual Studio 2010
Project("{FAE04EC0-301F-11D3-BF4B-00C04F79EFBC}") = "Assembly-CSharp", "Assembly-CSharp.csproj", "{430EB7DC-4540-BBE7-46CC-8E4E07180631}"
EndProject
Project("{FAE04EC0-301F-11D3-BF4B-00C04F79EFBC}") = "Assembly-CSharp-Editor", "Assembly-CSharp-Editor.csproj", "{5CE15DD8-A20F-6EDE-EA0D-2FED3A29007A}"
EndProject
Global
	GlobalSection(SolutionConfigurationPlatforms) = preSolution
		Debug|Any CPU = Debug|Any CPU
		Release|Any CPU = Release|Any CPU
	EndGlobalSection
	GlobalSection(ProjectConfigurationPlatforms) = postSolution
		{430EB7DC-4540-BBE7-46CC-8E4E07180631}.Debug|Any CPU.ActiveCfg = Debug|Any CPU
		{430EB7DC-4540-BBE7-46CC-8E4E07180631}.Debug|Any CPU.Build.0 = Debug|Any CPU
		{430EB7DC-4540-BBE7-46CC-8E4E07180631}.Release|Any CPU.ActiveCfg = Release|Any CPU
		{430EB7DC-4540-BBE7-46CC-8E4E07180631}.Release|Any CPU.Build.0 = Release|Any CPU
		{5CE15DD8-A20F-6EDE-EA0D-2FED3A29007A}.Debug|Any CPU.ActiveCfg = Debug|Any CPU
		{5CE15DD8-A20F-6EDE-EA0D-2FED3A29007A}.Debug|Any CPU.Build.0 = Debug|Any CPU
		{5CE15DD8-A20F-6EDE-EA0D-2FED3A29007A}.Release|Any CPU.ActiveCfg = Release|Any CPU
		{5CE15DD8-A20F-6EDE-EA0D-2FED3A29007A}.Release|Any CPU.Build.0 = Release|Any CPU
	EndGlobalSection
	GlobalSection(SolutionProperties) = preSolution
		HideSolutionNode = FALSE
	EndGlobalSection
EndGlobal
